
Microsoft Visual Studio Solution File, Format Version 12.00
# Visual Studio Version 16
VisualStudioVersion = 16.0.34931.43
MinimumVisualStudioVersion = 10.0.40219.1
Project("{FAE04EC0-301F-11D3-BF4B-00C04F79EFBC}") = "QC Deploy", "QC Deploy\QC Deploy.csproj", "{1DCCBB71-5E9B-41C7-B7CC-984B296B535D}"
EndProject
Global
	GlobalSection(SolutionConfigurationPlatforms) = preSolution
		Debug|Any CPU = Debug|Any CPU
		Release|Any CPU = Release|Any CPU
	EndGlobalSection
	GlobalSection(ProjectConfigurationPlatforms) = postSolution
		{1DCCBB71-5E9B-41C7-B7CC-984B296B535D}.Debug|Any CPU.ActiveCfg = Debug|Any CPU
		{1DCCBB71-5E9B-41C7-B7CC-984B296B535D}.Debug|Any CPU.Build.0 = Debug|Any CPU
		{1DCCBB71-5E9B-41C7-B7CC-984B296B535D}.Release|Any CPU.ActiveCfg = Release|Any CPU
		{1DCCBB71-5E9B-41C7-B7CC-984B296B535D}.Release|Any CPU.Build.0 = Release|Any CPU
	EndGlobalSection
	GlobalSection(SolutionProperties) = preSolution
		HideSolutionNode = FALSE
	EndGlobalSection
	GlobalSection(ExtensibilityGlobals) = postSolution
		SolutionGuid = {DD361F76-4E50-4E32-8EDE-BF8AF0F60756}
	EndGlobalSection
EndGlobal
